
Microsoft Visual Studio Solution File, Format Version 12.00
# Visual Studio Version 16
VisualStudioVersion = 16.0.34601.136
MinimumVisualStudioVersion = 10.0.40219.1
Project("{FAE04EC0-301F-11D3-BF4B-00C04F79EFBC}") = "TDVLab05", "TDVLab05\TDVLab05.csproj", "{990A38C4-8C53-4740-A8A6-37780213BC47}"
EndProject
Global
	GlobalSection(SolutionConfigurationPlatforms) = preSolution
		Debug|Any CPU = Debug|Any CPU
		Release|Any CPU = Release|Any CPU
	EndGlobalSection
	GlobalSection(ProjectConfigurationPlatforms) = postSolution
		{990A38C4-8C53-4740-A8A6-37780213BC47}.Debug|Any CPU.ActiveCfg = Debug|Any CPU
		{990A38C4-8C53-4740-A8A6-37780213BC47}.Debug|Any CPU.Build.0 = Debug|Any CPU
		{990A38C4-8C53-4740-A8A6-37780213BC47}.Release|Any CPU.ActiveCfg = Release|Any CPU
		{990A38C4-8C53-4740-A8A6-37780213BC47}.Release|Any CPU.Build.0 = Release|Any CPU
	EndGlobalSection
	GlobalSection(SolutionProperties) = preSolution
		HideSolutionNode = FALSE
	EndGlobalSection
	GlobalSection(ExtensibilityGlobals) = postSolution
		SolutionGuid = {200DCD84-2BC7-4199-A85C-E7FFC50B1CDD}
	EndGlobalSection
EndGlobal
