
Microsoft Visual Studio Solution File, Format Version 12.00
# Visual Studio Version 16
VisualStudioVersion = 16.0.34601.136
MinimumVisualStudioVersion = 10.0.40219.1
Project("{FAE04EC0-301F-11D3-BF4B-00C04F79EFBC}") = "TDV.Lab04", "TDV.Lab04\TDV.Lab04.csproj", "{EFFC20AD-EB24-4864-8F7C-86BBB58561B7}"
EndProject
Project("{FAE04EC0-301F-11D3-BF4B-00C04F79EFBC}") = "TDV.Lab04.2", "TDV.Lab04.2\TDV.Lab04.2.csproj", "{1BA5832E-4B9A-4036-85D5-03848FA07C62}"
EndProject
Global
	GlobalSection(SolutionConfigurationPlatforms) = preSolution
		Debug|Any CPU = Debug|Any CPU
		Release|Any CPU = Release|Any CPU
	EndGlobalSection
	GlobalSection(ProjectConfigurationPlatforms) = postSolution
		{EFFC20AD-EB24-4864-8F7C-86BBB58561B7}.Debug|Any CPU.ActiveCfg = Debug|Any CPU
		{EFFC20AD-EB24-4864-8F7C-86BBB58561B7}.Debug|Any CPU.Build.0 = Debug|Any CPU
		{EFFC20AD-EB24-4864-8F7C-86BBB58561B7}.Release|Any CPU.ActiveCfg = Release|Any CPU
		{EFFC20AD-EB24-4864-8F7C-86BBB58561B7}.Release|Any CPU.Build.0 = Release|Any CPU
		{1BA5832E-4B9A-4036-85D5-03848FA07C62}.Debug|Any CPU.ActiveCfg = Debug|Any CPU
		{1BA5832E-4B9A-4036-85D5-03848FA07C62}.Debug|Any CPU.Build.0 = Debug|Any CPU
		{1BA5832E-4B9A-4036-85D5-03848FA07C62}.Release|Any CPU.ActiveCfg = Release|Any CPU
		{1BA5832E-4B9A-4036-85D5-03848FA07C62}.Release|Any CPU.Build.0 = Release|Any CPU
	EndGlobalSection
	GlobalSection(SolutionProperties) = preSolution
		HideSolutionNode = FALSE
	EndGlobalSection
	GlobalSection(ExtensibilityGlobals) = postSolution
		SolutionGuid = {1DED71FF-C8FB-4F81-B907-33136192FF1E}
	EndGlobalSection
EndGlobal
